
Microsoft Visual Studio Solution File, Format Version 12.00
# Visual Studio Version 16
VisualStudioVersion = 16.0.30611.23
MinimumVisualStudioVersion = 10.0.40219.1
Project("{2150E333-8FDC-42A3-9474-1A3956D46DE8}") = "Source", "Source", "{FB328F93-0011-4874-9EFE-9DEA2CA85650}"
EndProject
Project("{9A19103F-16F7-4668-BE54-9A1E7A4F7556}") = "SimplePaymentServiceTests.ConsoleApp", "src\SimplePaymentServiceTests.ConsoleApp\SimplePaymentServiceTests.ConsoleApp.csproj", "{D5204D50-03C2-465D-A00A-15054FF82E79}"
EndProject
Project("{9A19103F-16F7-4668-BE54-9A1E7A4F7556}") = "SimplePaymentServiceTests.Infrastructure", "src\SimplePaymentServiceTests.Infrastructure\SimplePaymentServiceTests.Infrastructure.csproj", "{46A20793-1BE7-4B9E-9B98-F580A510783F}"
EndProject
Project("{9A19103F-16F7-4668-BE54-9A1E7A4F7556}") = "SimplePaymentServiceTests.Services", "src\SimplePaymentServiceTests.Services\SimplePaymentServiceTests.Services.csproj", "{F162E817-AE08-49E7-8D02-5886EBCA985A}"
EndProject
Project("{9A19103F-16F7-4668-BE54-9A1E7A4F7556}") = "SimplePaymentServiceTests.Stores", "src\SimplePaymentServiceTests.Stores\SimplePaymentServiceTests.Stores.csproj", "{B4C325F7-2556-4EBC-9CD4-411DF546A996}"
EndProject
Project("{9A19103F-16F7-4668-BE54-9A1E7A4F7556}") = "SimplePaymentServiceTests.Tests", "src\SimplePaymentServiceTests.Tests\SimplePaymentServiceTests.Tests.csproj", "{BDC3AD6D-5D2A-4139-A1C7-8F3C29EBF7BF}"
EndProject
Project("{9A19103F-16F7-4668-BE54-9A1E7A4F7556}") = "SimplePaymentServiceTests.Types", "src\SimplePaymentServiceTests.Types\SimplePaymentServiceTests.Types.csproj", "{1DC3BD48-9F90-4B71-A7FF-761CBD77DAEA}"
EndProject
Project("{FAE04EC0-301F-11D3-BF4B-00C04F79EFBC}") = "SimplePaymentServiceTest.Api", "src\SimplePaymentServiceTest.Api\SimplePaymentServiceTest.Api.csproj", "{80011157-A783-4DFE-A349-E6D18FB8AA11}"
EndProject
Global
	GlobalSection(SolutionConfigurationPlatforms) = preSolution
		Debug|Any CPU = Debug|Any CPU
		Release|Any CPU = Release|Any CPU
	EndGlobalSection
	GlobalSection(ProjectConfigurationPlatforms) = postSolution
		{D5204D50-03C2-465D-A00A-15054FF82E79}.Debug|Any CPU.ActiveCfg = Debug|Any CPU
		{D5204D50-03C2-465D-A00A-15054FF82E79}.Debug|Any CPU.Build.0 = Debug|Any CPU
		{D5204D50-03C2-465D-A00A-15054FF82E79}.Release|Any CPU.ActiveCfg = Release|Any CPU
		{D5204D50-03C2-465D-A00A-15054FF82E79}.Release|Any CPU.Build.0 = Release|Any CPU
		{46A20793-1BE7-4B9E-9B98-F580A510783F}.Debug|Any CPU.ActiveCfg = Debug|Any CPU
		{46A20793-1BE7-4B9E-9B98-F580A510783F}.Debug|Any CPU.Build.0 = Debug|Any CPU
		{46A20793-1BE7-4B9E-9B98-F580A510783F}.Release|Any CPU.ActiveCfg = Release|Any CPU
		{46A20793-1BE7-4B9E-9B98-F580A510783F}.Release|Any CPU.Build.0 = Release|Any CPU
		{F162E817-AE08-49E7-8D02-5886EBCA985A}.Debug|Any CPU.ActiveCfg = Debug|Any CPU
		{F162E817-AE08-49E7-8D02-5886EBCA985A}.Debug|Any CPU.Build.0 = Debug|Any CPU
		{F162E817-AE08-49E7-8D02-5886EBCA985A}.Release|Any CPU.ActiveCfg = Release|Any CPU
		{F162E817-AE08-49E7-8D02-5886EBCA985A}.Release|Any CPU.Build.0 = Release|Any CPU
		{B4C325F7-2556-4EBC-9CD4-411DF546A996}.Debug|Any CPU.ActiveCfg = Debug|Any CPU
		{B4C325F7-2556-4EBC-9CD4-411DF546A996}.Debug|Any CPU.Build.0 = Debug|Any CPU
		{B4C325F7-2556-4EBC-9CD4-411DF546A996}.Release|Any CPU.ActiveCfg = Release|Any CPU
		{B4C325F7-2556-4EBC-9CD4-411DF546A996}.Release|Any CPU.Build.0 = Release|Any CPU
		{BDC3AD6D-5D2A-4139-A1C7-8F3C29EBF7BF}.Debug|Any CPU.ActiveCfg = Debug|Any CPU
		{BDC3AD6D-5D2A-4139-A1C7-8F3C29EBF7BF}.Debug|Any CPU.Build.0 = Debug|Any CPU
		{BDC3AD6D-5D2A-4139-A1C7-8F3C29EBF7BF}.Release|Any CPU.ActiveCfg = Release|Any CPU
		{BDC3AD6D-5D2A-4139-A1C7-8F3C29EBF7BF}.Release|Any CPU.Build.0 = Release|Any CPU
		{1DC3BD48-9F90-4B71-A7FF-761CBD77DAEA}.Debug|Any CPU.ActiveCfg = Debug|Any CPU
		{1DC3BD48-9F90-4B71-A7FF-761CBD77DAEA}.Debug|Any CPU.Build.0 = Debug|Any CPU
		{1DC3BD48-9F90-4B71-A7FF-761CBD77DAEA}.Release|Any CPU.ActiveCfg = Release|Any CPU
		{1DC3BD48-9F90-4B71-A7FF-761CBD77DAEA}.Release|Any CPU.Build.0 = Release|Any CPU
		{80011157-A783-4DFE-A349-E6D18FB8AA11}.Debug|Any CPU.ActiveCfg = Debug|Any CPU
		{80011157-A783-4DFE-A349-E6D18FB8AA11}.Debug|Any CPU.Build.0 = Debug|Any CPU
		{80011157-A783-4DFE-A349-E6D18FB8AA11}.Release|Any CPU.ActiveCfg = Release|Any CPU
		{80011157-A783-4DFE-A349-E6D18FB8AA11}.Release|Any CPU.Build.0 = Release|Any CPU
	EndGlobalSection
	GlobalSection(SolutionProperties) = preSolution
		HideSolutionNode = FALSE
	EndGlobalSection
	GlobalSection(NestedProjects) = preSolution
		{D5204D50-03C2-465D-A00A-15054FF82E79} = {FB328F93-0011-4874-9EFE-9DEA2CA85650}
		{46A20793-1BE7-4B9E-9B98-F580A510783F} = {FB328F93-0011-4874-9EFE-9DEA2CA85650}
		{F162E817-AE08-49E7-8D02-5886EBCA985A} = {FB328F93-0011-4874-9EFE-9DEA2CA85650}
		{B4C325F7-2556-4EBC-9CD4-411DF546A996} = {FB328F93-0011-4874-9EFE-9DEA2CA85650}
		{BDC3AD6D-5D2A-4139-A1C7-8F3C29EBF7BF} = {FB328F93-0011-4874-9EFE-9DEA2CA85650}
		{1DC3BD48-9F90-4B71-A7FF-761CBD77DAEA} = {FB328F93-0011-4874-9EFE-9DEA2CA85650}
		{80011157-A783-4DFE-A349-E6D18FB8AA11} = {FB328F93-0011-4874-9EFE-9DEA2CA85650}
	EndGlobalSection
	GlobalSection(ExtensibilityGlobals) = postSolution
		SolutionGuid = {0E6BA795-3D76-4431-87E2-548043A782C3}
	EndGlobalSection
EndGlobal
